
Microsoft Visual Studio Solution File, Format Version 12.00
# Visual Studio 2015
Project("{FAE04EC0-301F-11D3-BF4B-00C04F79EFBC}") = "Number Jumper.CSharp", "Number Jumper.CSharp.csproj", "{78565B0F-7514-2857-9A8E-E18F80266624}"
EndProject
Global
	GlobalSection(SolutionConfigurationPlatforms) = preSolution
		Debug|Any CPU = Debug|Any CPU
		Release|Any CPU = Release|Any CPU
	EndGlobalSection
	GlobalSection(ProjectConfigurationPlatforms) = postSolution
		{78565B0F-7514-2857-9A8E-E18F80266624}.Debug|Any CPU.ActiveCfg = Debug|Any CPU
		{78565B0F-7514-2857-9A8E-E18F80266624}.Debug|Any CPU.Build.0 = Debug|Any CPU
		{78565B0F-7514-2857-9A8E-E18F80266624}.Release|Any CPU.ActiveCfg = Release|Any CPU
		{78565B0F-7514-2857-9A8E-E18F80266624}.Release|Any CPU.Build.0 = Release|Any CPU
	EndGlobalSection
	GlobalSection(SolutionProperties) = preSolution
		HideSolutionNode = FALSE
	EndGlobalSection
EndGlobal
